
Microsoft Visual Studio Solution File, Format Version 12.00
Project("{FAE04EC0-301F-11D3-BF4B-00C04F79EFBC}") = "PortafolioApp", "PortafolioApp\PortafolioApp.csproj", "{22AC3046-B554-40B8-8904-DB90DA26801B}"
EndProject
Global
	GlobalSection(SolutionConfigurationPlatforms) = preSolution
		Debug|Any CPU = Debug|Any CPU
		Release|Any CPU = Release|Any CPU
	EndGlobalSection
	GlobalSection(ProjectConfigurationPlatforms) = postSolution
		{22AC3046-B554-40B8-8904-DB90DA26801B}.Debug|Any CPU.ActiveCfg = Debug|Any CPU
		{22AC3046-B554-40B8-8904-DB90DA26801B}.Debug|Any CPU.Build.0 = Debug|Any CPU
		{22AC3046-B554-40B8-8904-DB90DA26801B}.Release|Any CPU.ActiveCfg = Release|Any CPU
		{22AC3046-B554-40B8-8904-DB90DA26801B}.Release|Any CPU.Build.0 = Release|Any CPU
	EndGlobalSection
EndGlobal
